{
  "name": "vibeworking-helper",
  "version": "0.0.1",
  "lockfileVersion": 2,
  "requires": true,
  "packages": {
    "": {
      "name": "vibeworking-helper",
      "version": "0.0.1",
      "devDependencies": {
        "@types/node": "^24.9.1",
        "@types/vscode": "^1.95.0",
        "typescript": "^5.9.3"
      },
      "engines": {
        "vscode": "^1.95.0"
      }
    },
    "node_modules/@types/node": {
      "version": "24.12.2",
      "resolved": "http://registry.npm.qima-inc.com/@types/node/download/@types/node-24.12.2.tgz",
      "integrity": "sha1-NTyxYdvxeF6iXogpun7FdMXGKaw=",
      "dev": true,
      "license": "MIT",
      "dependencies": {
        "undici-types": "~7.16.0"
      }
    },
    "node_modules/@types/vscode": {
      "version": "1.96.0",
      "resolved": "http://registry.npm.qima-inc.com/@types/vscode/download/@types/vscode-1.96.0.tgz",
      "integrity": "sha1-MYEAS/JdcWd65KrN12BaP9ft8I4=",
      "dev": true,
      "license": "MIT"
    },
    "node_modules/typescript": {
      "version": "5.9.3",
      "resolved": "http://registry.npm.qima-inc.com/typescript/download/typescript-5.9.3.tgz",
      "integrity": "sha1-W09Z4VMQqxeiFvXWz1PuR27eZw8=",
      "dev": true,
      "license": "Apache-2.0",
      "bin": {
        "tsc": "bin/tsc",
        "tsserver": "bin/tsserver"
      },
      "engines": {
        "node": ">=14.17"
      }
    },
    "node_modules/undici-types": {
      "version": "7.16.0",
      "resolved": "http://registry.npm.qima-inc.com/undici-types/download/undici-types-7.16.0.tgz",
      "integrity": "sha1-/8zf82rqSITL/OmnUKBYAiT1ikY=",
      "dev": true,
      "license": "MIT"
    }
  },
  "dependencies": {
    "@types/node": {
      "version": "24.12.2",
      "resolved": "http://registry.npm.qima-inc.com/@types/node/download/@types/node-24.12.2.tgz",
      "integrity": "sha1-NTyxYdvxeF6iXogpun7FdMXGKaw=",
      "dev": true,
      "requires": {
        "undici-types": "~7.16.0"
      }
    },
    "@types/vscode": {
      "version": "1.96.0",
      "resolved": "http://registry.npm.qima-inc.com/@types/vscode/download/@types/vscode-1.96.0.tgz",
      "integrity": "sha1-MYEAS/JdcWd65KrN12BaP9ft8I4=",
      "dev": true
    },
    "typescript": {
      "version": "5.9.3",
      "resolved": "http://registry.npm.qima-inc.com/typescript/download/typescript-5.9.3.tgz",
      "integrity": "sha1-W09Z4VMQqxeiFvXWz1PuR27eZw8=",
      "dev": true
    },
    "undici-types": {
      "version": "7.16.0",
      "resolved": "http://registry.npm.qima-inc.com/undici-types/download/undici-types-7.16.0.tgz",
      "integrity": "sha1-/8zf82rqSITL/OmnUKBYAiT1ikY=",
      "dev": true
    }
  }
}
